
Microsoft Visual Studio Solution File, Format Version 12.00
# Visual Studio 15
VisualStudioVersion = 15.0.27703.2035
MinimumVisualStudioVersion = 10.0.40219.1
Project("{FAE04EC0-301F-11D3-BF4B-00C04F79EFBC}") = "BBC", "BBC\BBC.csproj", "{683358A2-4176-4805-8586-63C4BD5BF778}"
EndProject
Global
	GlobalSection(SolutionConfigurationPlatforms) = preSolution
		Debug|Any CPU = Debug|Any CPU
		Release|Any CPU = Release|Any CPU
	EndGlobalSection
	GlobalSection(ProjectConfigurationPlatforms) = postSolution
		{683358A2-4176-4805-8586-63C4BD5BF778}.Debug|Any CPU.ActiveCfg = Debug|Any CPU
		{683358A2-4176-4805-8586-63C4BD5BF778}.Debug|Any CPU.Build.0 = Debug|Any CPU
		{683358A2-4176-4805-8586-63C4BD5BF778}.Release|Any CPU.ActiveCfg = Release|Any CPU
		{683358A2-4176-4805-8586-63C4BD5BF778}.Release|Any CPU.Build.0 = Release|Any CPU
	EndGlobalSection
	GlobalSection(SolutionProperties) = preSolution
		HideSolutionNode = FALSE
	EndGlobalSection
	GlobalSection(ExtensibilityGlobals) = postSolution
		SolutionGuid = {6D8A0DB4-A4C0-46FA-8F63-30FC721AE362}
	EndGlobalSection
EndGlobal
